
Microsoft Visual Studio Solution File, Format Version 12.00
# Visual Studio Version 17
VisualStudioVersion = 17.4.33205.214
MinimumVisualStudioVersion = 10.0.40219.1
Project("{FAE04EC0-301F-11D3-BF4B-00C04F79EFBC}") = "WebAPi", "WebAPi\WebAPi.csproj", "{D5FE5482-E261-4B9E-B91D-AF0D593CD91F}"
EndProject
Global
	GlobalSection(SolutionConfigurationPlatforms) = preSolution
		Debug|Any CPU = Debug|Any CPU
		Release|Any CPU = Release|Any CPU
	EndGlobalSection
	GlobalSection(ProjectConfigurationPlatforms) = postSolution
		{D5FE5482-E261-4B9E-B91D-AF0D593CD91F}.Debug|Any CPU.ActiveCfg = Debug|Any CPU
		{D5FE5482-E261-4B9E-B91D-AF0D593CD91F}.Debug|Any CPU.Build.0 = Debug|Any CPU
		{D5FE5482-E261-4B9E-B91D-AF0D593CD91F}.Release|Any CPU.ActiveCfg = Release|Any CPU
		{D5FE5482-E261-4B9E-B91D-AF0D593CD91F}.Release|Any CPU.Build.0 = Release|Any CPU
	EndGlobalSection
	GlobalSection(SolutionProperties) = preSolution
		HideSolutionNode = FALSE
	EndGlobalSection
	GlobalSection(ExtensibilityGlobals) = postSolution
		SolutionGuid = {73797E2E-F0DB-4D3C-BB39-9EB27682B4E1}
	EndGlobalSection
EndGlobal
